// !$*UTF8*$!
{
	archiveVersion = 1;
	classes = {
	};
	objectVersion = 50;
	objects = {

/* Begin PBXBuildFile section */
		FA10A41E21D041910076C4FD /* AppDelegate.swift in Sources */ = {isa = PBXBuildFile; fileRef = FA10A41D21D041910076C4FD /* AppDelegate.swift */; };
		FA10A42221D041930076C4FD /* Assets.xcassets in Resources */ = {isa = PBXBuildFile; fileRef = FA10A42121D041930076C4FD /* Assets.xcassets */; };
		FA10A42521D041930076C4FD /* Main.storyboard in Resources */ = {isa = PBXBuildFile; fileRef = FA10A42321D041930076C4FD /* Main.storyboard */; };
		FA10A42E21D042030076C4FD /* MenuRadio.swift in Sources */ = {isa = PBXBuildFile; fileRef = FA10A42D21D042030076C4FD /* MenuRadio.swift */; };
		FA10A43021D044D30076C4FD /* LongPressButton.swift in Sources */ = {isa = PBXBuildFile; fileRef = FA10A42F21D044D30076C4FD /* LongPressButton.swift */; };
		FA10A43221D047800076C4FD /* MenuRadioPlaybackState.swift in Sources */ = {isa = PBXBuildFile; fileRef = FA10A43121D047800076C4FD /* MenuRadioPlaybackState.swift */; };
		FA10A43621D188DD0076C4FD /* AnimatedView.swift in Sources */ = {isa = PBXBuildFile; fileRef = FA10A43521D188DD0076C4FD /* AnimatedView.swift */; };
		FA10A43921D1C4DB0076C4FD /* PopoverViewController.swift in Sources */ = {isa = PBXBuildFile; fileRef = FA10A43821D1C4DB0076C4FD /* PopoverViewController.swift */; };
		FA10A43B21D1D6EA0076C4FD /* PreferenceManager.swift in Sources */ = {isa = PBXBuildFile; fileRef = FA10A43A21D1D6EA0076C4FD /* PreferenceManager.swift */; };
/* End PBXBuildFile section */

/* Begin PBXFileReference section */
		FA10A41A21D041910076C4FD /* MenuRadio.app */ = {isa = PBXFileReference; explicitFileType = wrapper.application; includeInIndex = 0; path = MenuRadio.app; sourceTree = BUILT_PRODUCTS_DIR; };
		FA10A41D21D041910076C4FD /* AppDelegate.swift */ = {isa = PBXFileReference; lastKnownFileType = sourcecode.swift; path = AppDelegate.swift; sourceTree = "<group>"; };
		FA10A42121D041930076C4FD /* Assets.xcassets */ = {isa = PBXFileReference; lastKnownFileType = folder.assetcatalog; path = Assets.xcassets; sourceTree = "<group>"; };
		FA10A42421D041930076C4FD /* Base */ = {isa = PBXFileReference; lastKnownFileType = file.storyboard; name = Base; path = Base.lproj/Main.storyboard; sourceTree = "<group>"; };
		FA10A42621D041930076C4FD /* Info.plist */ = {isa = PBXFileReference; lastKnownFileType = text.plist.xml; path = Info.plist; sourceTree = "<group>"; };
		FA10A42721D041930076C4FD /* MenuRadio.entitlements */ = {isa = PBXFileReference; lastKnownFileType = text.plist.entitlements; path = MenuRadio.entitlements; sourceTree = "<group>"; };
		FA10A42D21D042030076C4FD /* MenuRadio.swift */ = {isa = PBXFileReference; lastKnownFileType = sourcecode.swift; path = MenuRadio.swift; sourceTree = "<group>"; };
		FA10A42F21D044D30076C4FD /* LongPressButton.swift */ = {isa = PBXFileReference; fileEncoding = 4; lastKnownFileType = sourcecode.swift; path = LongPressButton.swift; sourceTree = "<group>"; };
		FA10A43121D047800076C4FD /* MenuRadioPlaybackState.swift */ = {isa = PBXFileReference; lastKnownFileType = sourcecode.swift; path = MenuRadioPlaybackState.swift; sourceTree = "<group>"; };
		FA10A43521D188DD0076C4FD /* AnimatedView.swift */ = {isa = PBXFileReference; lastKnownFileType = sourcecode.swift; path = AnimatedView.swift; sourceTree = "<group>"; };
		FA10A43821D1C4DB0076C4FD /* PopoverViewController.swift */ = {isa = PBXFileReference; lastKnownFileType = sourcecode.swift; path = PopoverViewController.swift; sourceTree = "<group>"; };
		FA10A43A21D1D6EA0076C4FD /* PreferenceManager.swift */ = {isa = PBXFileReference; lastKnownFileType = sourcecode.swift; path = PreferenceManager.swift; sourceTree = "<group>"; };
/* End PBXFileReference section */

/* Begin PBXFrameworksBuildPhase section */
		FA10A41721D041910076C4FD /* Frameworks */ = {
			isa = PBXFrameworksBuildPhase;
			buildActionMask = 2147483647;
			files = (
			);
			runOnlyForDeploymentPostprocessing = 0;
		};
/* End PBXFrameworksBuildPhase section */

/* Begin PBXGroup section */
		FA10A41121D041910076C4FD = {
			isa = PBXGroup;
			children = (
				FA10A41C21D041910076C4FD /* MenuRadio */,
				FA10A41B21D041910076C4FD /* Products */,
			);
			sourceTree = "<group>";
		};
		FA10A41B21D041910076C4FD /* Products */ = {
			isa = PBXGroup;
			children = (
				FA10A41A21D041910076C4FD /* MenuRadio.app */,
			);
			name = Products;
			sourceTree = "<group>";
		};
		FA10A41C21D041910076C4FD /* MenuRadio */ = {
			isa = PBXGroup;
			children = (
				FA10A43721D1C13B0076C4FD /* Unused */,
				FA10A41D21D041910076C4FD /* AppDelegate.swift */,
				FA10A42D21D042030076C4FD /* MenuRadio.swift */,
				FA10A43A21D1D6EA0076C4FD /* PreferenceManager.swift */,
				FA10A43121D047800076C4FD /* MenuRadioPlaybackState.swift */,
				FA10A42F21D044D30076C4FD /* LongPressButton.swift */,
				FA10A42121D041930076C4FD /* Assets.xcassets */,
				FA10A42321D041930076C4FD /* Main.storyboard */,
				FA10A43821D1C4DB0076C4FD /* PopoverViewController.swift */,
				FA10A42621D041930076C4FD /* Info.plist */,
				FA10A42721D041930076C4FD /* MenuRadio.entitlements */,
			);
			path = MenuRadio;
			sourceTree = "<group>";
		};
		FA10A43721D1C13B0076C4FD /* Unused */ = {
			isa = PBXGroup;
			children = (
				FA10A43521D188DD0076C4FD /* AnimatedView.swift */,
			);
			path = Unused;
			sourceTree = "<group>";
		};
/* End PBXGroup section */

/* Begin PBXNativeTarget section */
		FA10A41921D041910076C4FD /* MenuRadio */ = {
			isa = PBXNativeTarget;
			buildConfigurationList = FA10A42A21D041930076C4FD /* Build configuration list for PBXNativeTarget "MenuRadio" */;
			buildPhases = (
				FA10A41621D041910076C4FD /* Sources */,
				FA10A41721D041910076C4FD /* Frameworks */,
				FA10A41821D041910076C4FD /* Resources */,
			);
			buildRules = (
			);
			dependencies = (
			);
			name = MenuRadio;
			productName = MenuRadio;
			productReference = FA10A41A21D041910076C4FD /* MenuRadio.app */;
			productType = "com.apple.product-type.application";
		};
/* End PBXNativeTarget section */

/* Begin PBXProject section */
		FA10A41221D041910076C4FD /* Project object */ = {
			isa = PBXProject;
			attributes = {
				LastSwiftUpdateCheck = 1010;
				LastUpgradeCheck = 1010;
				ORGANIZATIONNAME = "Ken FUKUHARA";
				TargetAttributes = {
					FA10A41921D041910076C4FD = {
						CreatedOnToolsVersion = 10.1;
						SystemCapabilities = {
							com.apple.ApplicationGroups.Mac = {
								enabled = 0;
							};
							com.apple.Sandbox = {
								enabled = 1;
							};
						};
					};
				};
			};
			buildConfigurationList = FA10A41521D041910076C4FD /* Build configuration list for PBXProject "MenuRadio" */;
			compatibilityVersion = "Xcode 9.3";
			developmentRegion = en;
			hasScannedForEncodings = 0;
			knownRegions = (
				en,
				Base,
			);
			mainGroup = FA10A41121D041910076C4FD;
			productRefGroup = FA10A41B21D041910076C4FD /* Products */;
			projectDirPath = "";
			projectRoot = "";
			targets = (
				FA10A41921D041910076C4FD /* MenuRadio */,
			);
		};
/* End PBXProject section */

/* Begin PBXResourcesBuildPhase section */
		FA10A41821D041910076C4FD /* Resources */ = {
			isa = PBXResourcesBuildPhase;
			buildActionMask = 2147483647;
			files = (
				FA10A42221D041930076C4FD /* Assets.xcassets in Resources */,
				FA10A42521D041930076C4FD /* Main.storyboard in Resources */,
			);
			runOnlyForDeploymentPostprocessing = 0;
		};
/* End PBXResourcesBuildPhase section */

/* Begin PBXSourcesBuildPhase section */
		FA10A41621D041910076C4FD /* Sources */ = {
			isa = PBXSourcesBuildPhase;
			buildActionMask = 2147483647;
			files = (
				FA10A43921D1C4DB0076C4FD /* PopoverViewController.swift in Sources */,
				FA10A43B21D1D6EA0076C4FD /* PreferenceManager.swift in Sources */,
				FA10A43021D044D30076C4FD /* LongPressButton.swift in Sources */,
				FA10A42E21D042030076C4FD /* MenuRadio.swift in Sources */,
				FA10A43621D188DD0076C4FD /* AnimatedView.swift in Sources */,
				FA10A41E21D041910076C4FD /* AppDelegate.swift in Sources */,
				FA10A43221D047800076C4FD /* MenuRadioPlaybackState.swift in Sources */,
			);
			runOnlyForDeploymentPostprocessing = 0;
		};
/* End PBXSourcesBuildPhase section */

/* Begin PBXVariantGroup section */
		FA10A42321D041930076C4FD /* Main.storyboard */ = {
			isa = PBXVariantGroup;
			children = (
				FA10A42421D041930076C4FD /* Base */,
			);
			name = Main.storyboard;
			sourceTree = "<group>";
		};
/* End PBXVariantGroup section */

/* Begin XCBuildConfiguration section */
		FA10A42821D041930076C4FD /* Debug */ = {
			isa = XCBuildConfiguration;
			buildSettings = {
				ALWAYS_SEARCH_USER_PATHS = NO;
				CLANG_ANALYZER_NONNULL = YES;
				CLANG_ANALYZER_NUMBER_OBJECT_CONVERSION = YES_AGGRESSIVE;
				CLANG_CXX_LANGUAGE_STANDARD = "gnu++14";
				CLANG_CXX_LIBRARY = "libc++";
				CLANG_ENABLE_MODULES = YES;
				CLANG_ENABLE_OBJC_ARC = YES;
				CLANG_ENABLE_OBJC_WEAK = YES;
				CLANG_WARN_BLOCK_CAPTURE_AUTORELEASING = YES;
				CLANG_WARN_BOOL_CONVERSION = YES;
				CLANG_WARN_COMMA = YES;
				CLANG_WARN_CONSTANT_CONVERSION = YES;
				CLANG_WARN_DEPRECATED_OBJC_IMPLEMENTATIONS = YES;
				CLANG_WARN_DIRECT_OBJC_ISA_USAGE = YES_ERROR;
				CLANG_WARN_DOCUMENTATION_COMMENTS = YES;
				CLANG_WARN_EMPTY_BODY = YES;
				CLANG_WARN_ENUM_CONVERSION = YES;
				CLANG_WARN_INFINITE_RECURSION = YES;
				CLANG_WARN_INT_CONVERSION = YES;
				CLANG_WARN_NON_LITERAL_NULL_CONVERSION = YES;
				CLANG_WARN_OBJC_IMPLICIT_RETAIN_SELF = YES;
				CLANG_WARN_OBJC_LITERAL_CONVERSION = YES;
				CLANG_WARN_OBJC_ROOT_CLASS = YES_ERROR;
				CLANG_WARN_RANGE_LOOP_ANALYSIS = YES;
				CLANG_WARN_STRICT_PROTOTYPES = YES;
				CLANG_WARN_SUSPICIOUS_MOVE = YES;
				CLANG_WARN_UNGUARDED_AVAILABILITY = YES_AGGRESSIVE;
				CLANG_WARN_UNREACHABLE_CODE = YES;
				CLANG_WARN__DUPLICATE_METHOD_MATCH = YES;
				CODE_SIGN_IDENTITY = "Mac Developer";
				COPY_PHASE_STRIP = NO;
				DEBUG_INFORMATION_FORMAT = dwarf;
				ENABLE_STRICT_OBJC_MSGSEND = YES;
				ENABLE_TESTABILITY = YES;
				GCC_C_LANGUAGE_STANDARD = gnu11;
				GCC_DYNAMIC_NO_PIC = NO;
				GCC_NO_COMMON_BLOCKS = YES;
				GCC_OPTIMIZATION_LEVEL = 0;
				GCC_PREPROCESSOR_DEFINITIONS = (
					"DEBUG=1",
					"$(inherited)",
				);
				GCC_WARN_64_TO_32_BIT_CONVERSION = YES;
				GCC_WARN_ABOUT_RETURN_TYPE = YES_ERROR;
				GCC_WARN_UNDECLARED_SELECTOR = YES;
				GCC_WARN_UNINITIALIZED_AUTOS = YES_AGGRESSIVE;
				GCC_WARN_UNUSED_FUNCTION = YES;
				GCC_WARN_UNUSED_VARIABLE = YES;
				MACOSX_DEPLOYMENT_TARGET = 10.14;
				MTL_ENABLE_DEBUG_INFO = INCLUDE_SOURCE;
				MTL_FAST_MATH = YES;
				ONLY_ACTIVE_ARCH = YES;
				SDKROOT = macosx;
				SWIFT_ACTIVE_COMPILATION_CONDITIONS = DEBUG;
				SWIFT_OPTIMIZATION_LEVEL = "-Onone";
			};
			name = Debug;
		};
		FA10A42921D041930076C4FD /* Release */ = {
			isa = XCBuildConfiguration;
			buildSettings = {
				ALWAYS_SEARCH_USER_PATHS = NO;
				CLANG_ANALYZER_NONNULL = YES;
				CLANG_ANALYZER_NUMBER_OBJECT_CONVERSION = YES_AGGRESSIVE;
				CLANG_CXX_LANGUAGE_STANDARD = "gnu++14";
				CLANG_CXX_LIBRARY = "libc++";
				CLANG_ENABLE_MODULES = YES;
				CLANG_ENABLE_OBJC_ARC = YES;
				CLANG_ENABLE_OBJC_WEAK = YES;
				CLANG_WARN_BLOCK_CAPTURE_AUTORELEASING = YES;
				CLANG_WARN_BOOL_CONVERSION = YES;
				CLANG_WARN_COMMA = YES;
				CLANG_WARN_CONSTANT_CONVERSION = YES;
				CLANG_WARN_DEPRECATED_OBJC_IMPLEMENTATIONS = YES;
				CLANG_WARN_DIRECT_OBJC_ISA_USAGE = YES_ERROR;
				CLANG_WARN_DOCUMENTATION_COMMENTS = YES;
				CLANG_WARN_EMPTY_BODY = YES;
				CLANG_WARN_ENUM_CONVERSION = YES;
				CLANG_WARN_INFINITE_RECURSION = YES;
				CLANG_WARN_INT_CONVERSION = YES;
				CLANG_WARN_NON_LITERAL_NULL_CONVERSION = YES;
				CLANG_WARN_OBJC_IMPLICIT_RETAIN_SELF = YES;
				CLANG_WARN_OBJC_LITERAL_CONVERSION = YES;
				CLANG_WARN_OBJC_ROOT_CLASS = YES_ERROR;
				CLANG_WARN_RANGE_LOOP_ANALYSIS = YES;
				CLANG_WARN_STRICT_PROTOTYPES = YES;
				CLANG_WARN_SUSPICIOUS_MOVE = YES;
				CLANG_WARN_UNGUARDED_AVAILABILITY = YES_AGGRESSIVE;
				CLANG_WARN_UNREACHABLE_CODE = YES;
				CLANG_WARN__DUPLICATE_METHOD_MATCH = YES;
				CODE_SIGN_IDENTITY = "Mac Developer";
				COPY_PHASE_STRIP = NO;
				DEBUG_INFORMATION_FORMAT = "dwarf-with-dsym";
				ENABLE_NS_ASSERTIONS = NO;
				ENABLE_STRICT_OBJC_MSGSEND = YES;
				GCC_C_LANGUAGE_STANDARD = gnu11;
				GCC_NO_COMMON_BLOCKS = YES;
				GCC_WARN_64_TO_32_BIT_CONVERSION = YES;
				GCC_WARN_ABOUT_RETURN_TYPE = YES_ERROR;
				GCC_WARN_UNDECLARED_SELECTOR = YES;
				GCC_WARN_UNINITIALIZED_AUTOS = YES_AGGRESSIVE;
				GCC_WARN_UNUSED_FUNCTION = YES;
				GCC_WARN_UNUSED_VARIABLE = YES;
				MACOSX_DEPLOYMENT_TARGET = 10.14;
				MTL_ENABLE_DEBUG_INFO = NO;
				MTL_FAST_MATH = YES;
				SDKROOT = macosx;
				SWIFT_COMPILATION_MODE = wholemodule;
				SWIFT_OPTIMIZATION_LEVEL = "-O";
			};
			name = Release;
		};
		FA10A42B21D041930076C4FD /* Debug */ = {
			isa = XCBuildConfiguration;
			buildSettings = {
				ASSETCATALOG_COMPILER_APPICON_NAME = AppIcon;
				CODE_SIGN_ENTITLEMENTS = MenuRadio/MenuRadio.entitlements;
				CODE_SIGN_STYLE = Automatic;
				COMBINE_HIDPI_IMAGES = YES;
				DEVELOPMENT_TEAM = LV53WDGC7X;
				INFOPLIST_FILE = MenuRadio/Info.plist;
				LD_RUNPATH_SEARCH_PATHS = (
					"$(inherited)",
					"@executable_path/../Frameworks",
				);
				PRODUCT_BUNDLE_IDENTIFIER = kfu.MenuRadio;
				PRODUCT_NAME = "$(TARGET_NAME)";
				SWIFT_VERSION = 4.2;
			};
			name = Debug;
		};
		FA10A42C21D041930076C4FD /* Release */ = {
			isa = XCBuildConfiguration;
			buildSettings = {
				ASSETCATALOG_COMPILER_APPICON_NAME = AppIcon;
				CODE_SIGN_ENTITLEMENTS = MenuRadio/MenuRadio.entitlements;
				CODE_SIGN_STYLE = Automatic;
				COMBINE_HIDPI_IMAGES = YES;
				DEVELOPMENT_TEAM = LV53WDGC7X;
				INFOPLIST_FILE = MenuRadio/Info.plist;
				LD_RUNPATH_SEARCH_PATHS = (
					"$(inherited)",
					"@executable_path/../Frameworks",
				);
				PRODUCT_BUNDLE_IDENTIFIER = kfu.MenuRadio;
				PRODUCT_NAME = "$(TARGET_NAME)";
				SWIFT_VERSION = 4.2;
			};
			name = Release;
		};
/* End XCBuildConfiguration section */

/* Begin XCConfigurationList section */
		FA10A41521D041910076C4FD /* Build configuration list for PBXProject "MenuRadio" */ = {
			isa = XCConfigurationList;
			buildConfigurations = (
				FA10A42821D041930076C4FD /* Debug */,
				FA10A42921D041930076C4FD /* Release */,
			);
			defaultConfigurationIsVisible = 0;
			defaultConfigurationName = Release;
		};
		FA10A42A21D041930076C4FD /* Build configuration list for PBXNativeTarget "MenuRadio" */ = {
			isa = XCConfigurationList;
			buildConfigurations = (
				FA10A42B21D041930076C4FD /* Debug */,
				FA10A42C21D041930076C4FD /* Release */,
			);
			defaultConfigurationIsVisible = 0;
			defaultConfigurationName = Release;
		};
/* End XCConfigurationList section */
	};
	rootObject = FA10A41221D041910076C4FD /* Project object */;
}
